schema: '2.0'
stages:
  init:
    cmd: "mkdir -p data/raw/ reports data/processed/\n"
  fetch:
    cmd: "python pipeline.py fetch\n"
    deps:
    - path: fetchdata.py
      hash: md5
      md5: 0c599c3216b4a6d824b8ab4fb42a7d88
      size: 95
    - path: pipeline.py
      hash: md5
      md5: 1f0743b1b348c7e443c565e7f0eba6a6
      size: 873
    outs:
    - path: data/raw/
      hash: md5
      md5: 0d8cc391b60df57495302b3a2e264525.dir
      size: 25605
      nfiles: 1
  predict:
    cmd: "python pipeline.py predict\n"
    deps:
    - path: data/raw/
      hash: md5
      md5: 0d8cc391b60df57495302b3a2e264525.dir
      size: 25605
      nfiles: 1
    - path: dataeng.py
      hash: md5
      md5: d3b22e6c79ca32562047b14c81b28d35
      size: 2396
    - path: mlruns/models
      hash: md5
      md5: f9364fe5b3b15cc8106bfde86be8ad71.dir
      size: 10720
      nfiles: 21
    - path: model.py
      hash: md5
      md5: 0e2bbc2bf1a760786c8753d4392376d1
      size: 9694
    - path: pipeline.py
      hash: md5
      md5: 1f0743b1b348c7e443c565e7f0eba6a6
      size: 873
    - path: predict.py
      hash: md5
      md5: 427e146049a0410e710e1b4e58ab3415
      size: 1095
    outs:
    - path: data/processed/
      hash: md5
      md5: cb179d831473502aa36e1e678e6f2859.dir
      size: 2565
      nfiles: 1
