schema: '2.0'
stages:
  init:
    cmd: "mkdir -p data/raw/ reports data/processed/\n"
  fetch:
    cmd: "python pipeline.py fetch\n"
    deps:
    - path: fetchdata.py
      hash: md5
      md5: d6b77e8b9934fb39135bee27fac9d76c
      size: 3554
    - path: pipeline.py
      hash: md5
      md5: 1f0743b1b348c7e443c565e7f0eba6a6
      size: 873
    outs:
    - path: data/raw/
      hash: md5
      md5: 0b94a6b0d693aadac0c9102a3d378d11.dir
      size: 25605
      nfiles: 1
  predict:
    cmd: "python pipeline.py predict\n"
    deps:
    - path: data/raw/
      hash: md5
      md5: 0b94a6b0d693aadac0c9102a3d378d11.dir
      size: 25605
      nfiles: 1
    - path: dataeng.py
      hash: md5
      md5: d3b22e6c79ca32562047b14c81b28d35
      size: 2396
    - path: mlruns/models
      hash: md5
      md5: 995f96992b8f5e85bc97424f1b595517.dir
      size: 15880
      nfiles: 30
    - path: model.py
      hash: md5
      md5: ac28bf1d62205e432f0eec9c02d7c572
      size: 9820
    - path: pipeline.py
      hash: md5
      md5: 1f0743b1b348c7e443c565e7f0eba6a6
      size: 873
    - path: predict.py
      hash: md5
      md5: 427e146049a0410e710e1b4e58ab3415
      size: 1095
    outs:
    - path: data/processed/
      hash: md5
      md5: f0442c1f863eaab4c40035a1c536805d.dir
      size: 2565
      nfiles: 1
